Microsoft Visual Studio Solution File, Format Version 11.00
# Visual Studio 2008

Project("{0F9B34CF-17EF-E730-EA50-66A05EABF1C7}") = "Timothy's Adventure", "Assembly-CSharp-firstpass.csproj", "{38E1DE3D-9AF0-F91E-52B8-44C63E4F2E6F}"
EndProject
Project("{0F9B34CF-17EF-E730-EA50-66A05EABF1C7}") = "Timothy's Adventure", "Assembly-UnityScript-firstpass.unityproj", "{BD6E2FF3-40DA-3053-C6CF-4644EF2F86BF}"
EndProject
Project("{0F9B34CF-17EF-E730-EA50-66A05EABF1C7}") = "Timothy's Adventure", "Assembly-UnityScript.unityproj", "{8A9740D8-E6E5-AA2C-2591-BE54648B2B64}"
EndProject
Global
	GlobalSection(SolutionConfigurationPlatforms) = preSolution
		Debug|Any CPU = Debug|Any CPU
		Release|Any CPU = Release|Any CPU
	EndGlobalSection
	GlobalSection(ProjectConfigurationPlatforms) = postSolution
		{38E1DE3D-9AF0-F91E-52B8-44C63E4F2E6F}.Debug|Any CPU.ActiveCfg = Debug|Any CPU
		{38E1DE3D-9AF0-F91E-52B8-44C63E4F2E6F}.Debug|Any CPU.Build.0 = Debug|Any CPU
		{38E1DE3D-9AF0-F91E-52B8-44C63E4F2E6F}.Release|Any CPU.ActiveCfg = Release|Any CPU
		{38E1DE3D-9AF0-F91E-52B8-44C63E4F2E6F}.Release|Any CPU.Build.0 = Release|Any CPU
		{BD6E2FF3-40DA-3053-C6CF-4644EF2F86BF}.Debug|Any CPU.ActiveCfg = Debug|Any CPU
		{BD6E2FF3-40DA-3053-C6CF-4644EF2F86BF}.Debug|Any CPU.Build.0 = Debug|Any CPU
		{BD6E2FF3-40DA-3053-C6CF-4644EF2F86BF}.Release|Any CPU.ActiveCfg = Release|Any CPU
		{BD6E2FF3-40DA-3053-C6CF-4644EF2F86BF}.Release|Any CPU.Build.0 = Release|Any CPU
		{8A9740D8-E6E5-AA2C-2591-BE54648B2B64}.Debug|Any CPU.ActiveCfg = Debug|Any CPU
		{8A9740D8-E6E5-AA2C-2591-BE54648B2B64}.Debug|Any CPU.Build.0 = Debug|Any CPU
		{8A9740D8-E6E5-AA2C-2591-BE54648B2B64}.Release|Any CPU.ActiveCfg = Release|Any CPU
		{8A9740D8-E6E5-AA2C-2591-BE54648B2B64}.Release|Any CPU.Build.0 = Release|Any CPU
	EndGlobalSection
	GlobalSection(SolutionProperties) = preSolution
		HideSolutionNode = FALSE
	EndGlobalSection
																																																																																																												GlobalSection(MonoDevelopProperties) = preSolution
		StartupItem = Assembly-CSharp.csproj
		Policies = $0
		$0.TextStylePolicy = $1
		$1.inheritsSet = null
		$1.scope = text/x-csharp
		$0.CSharpFormattingPolicy = $2
		$2.inheritsSet = Mono
		$2.inheritsScope = text/x-csharp
		$2.scope = text/x-csharp
		$0.TextStylePolicy = $3
		$3.FileWidth = 120
		$3.TabWidth = 4
		$3.EolMarker = Unix
		$3.inheritsSet = Mono
		$3.inheritsScope = text/plain
		$3.scope = text/plain
	EndGlobalSection

EndGlobal
